
Microsoft Visual Studio Solution File, Format Version 12.00
# Visual Studio Version 17
VisualStudioVersion = 17.5.33516.290
MinimumVisualStudioVersion = 10.0.40219.1
Project("{9A19103F-16F7-4668-BE54-9A1E7A4F7556}") = "LspTypes", "Protocol\LspTypes.csproj", "{F56DD784-DF0F-45C3-A21F-58D5EC794CE7}"
EndProject
Project("{2150E333-8FDC-42A3-9474-1A3956D46DE8}") = "Solution Items", "Solution Items", "{5BB32513-8B29-4FCB-9851-8D2AE47F20CF}"
	ProjectSection(SolutionItems) = preProject
		.github\workflows\dotnet.yml = .github\workflows\dotnet.yml
		LICENSE = LICENSE
		README.md = README.md
	EndProjectSection
EndProject
Project("{9A19103F-16F7-4668-BE54-9A1E7A4F7556}") = "TLuaServer", "TLuaServer\TLuaServer.csproj", "{11ED2D6D-720A-43D6-93D3-CB2D8712491E}"
EndProject
Project("{FAE04EC0-301F-11D3-BF4B-00C04F79EFBC}") = "SharpLua", "SharpLua\SharpLua.csproj", "{90A9C907-11AD-4754-8B70-51CCB3A6C98A}"
EndProject
Project("{FAE04EC0-301F-11D3-BF4B-00C04F79EFBC}") = "TLuaDeclaration", "Declaration\TLuaDeclaration.csproj", "{C2A57DE9-98F8-461A-812F-E0F5B858E1B9}"
EndProject
Project("{FAE04EC0-301F-11D3-BF4B-00C04F79EFBC}") = "TLuaAnalysis", "TLuaAnalysis\TLuaAnalysis.csproj", "{794F2F43-A6BE-4C3F-A1F7-3AC38E9D71EC}"
EndProject
Project("{FAE04EC0-301F-11D3-BF4B-00C04F79EFBC}") = "TLuaCompile", "TLuaCompile\TLuaCompile.csproj", "{6A1FB3F9-96AB-4C88-BD02-7BF3C5DAFBE5}"
EndProject
Project("{FAE04EC0-301F-11D3-BF4B-00C04F79EFBC}") = "TLuaGrammarExplorer", "TLuaGrammarExplorer\TLuaGrammarExplorer.csproj", "{71B1E0B0-6988-47D7-ABA8-60645CEDE677}"
EndProject
Global
	GlobalSection(SolutionConfigurationPlatforms) = preSolution
		Debug|Any CPU = Debug|Any CPU
		Release|Any CPU = Release|Any CPU
	EndGlobalSection
	GlobalSection(ProjectConfigurationPlatforms) = postSolution
		{F56DD784-DF0F-45C3-A21F-58D5EC794CE7}.Debug|Any CPU.ActiveCfg = Debug|Any CPU
		{F56DD784-DF0F-45C3-A21F-58D5EC794CE7}.Debug|Any CPU.Build.0 = Debug|Any CPU
		{F56DD784-DF0F-45C3-A21F-58D5EC794CE7}.Release|Any CPU.ActiveCfg = Release|Any CPU
		{F56DD784-DF0F-45C3-A21F-58D5EC794CE7}.Release|Any CPU.Build.0 = Release|Any CPU
		{11ED2D6D-720A-43D6-93D3-CB2D8712491E}.Debug|Any CPU.ActiveCfg = Debug|Any CPU
		{11ED2D6D-720A-43D6-93D3-CB2D8712491E}.Debug|Any CPU.Build.0 = Debug|Any CPU
		{11ED2D6D-720A-43D6-93D3-CB2D8712491E}.Release|Any CPU.ActiveCfg = Release|Any CPU
		{11ED2D6D-720A-43D6-93D3-CB2D8712491E}.Release|Any CPU.Build.0 = Release|Any CPU
		{90A9C907-11AD-4754-8B70-51CCB3A6C98A}.Debug|Any CPU.ActiveCfg = Debug|Any CPU
		{90A9C907-11AD-4754-8B70-51CCB3A6C98A}.Debug|Any CPU.Build.0 = Debug|Any CPU
		{90A9C907-11AD-4754-8B70-51CCB3A6C98A}.Release|Any CPU.ActiveCfg = Release|Any CPU
		{90A9C907-11AD-4754-8B70-51CCB3A6C98A}.Release|Any CPU.Build.0 = Release|Any CPU
		{C2A57DE9-98F8-461A-812F-E0F5B858E1B9}.Debug|Any CPU.ActiveCfg = Debug|Any CPU
		{C2A57DE9-98F8-461A-812F-E0F5B858E1B9}.Debug|Any CPU.Build.0 = Debug|Any CPU
		{C2A57DE9-98F8-461A-812F-E0F5B858E1B9}.Release|Any CPU.ActiveCfg = Release|Any CPU
		{C2A57DE9-98F8-461A-812F-E0F5B858E1B9}.Release|Any CPU.Build.0 = Release|Any CPU
		{794F2F43-A6BE-4C3F-A1F7-3AC38E9D71EC}.Debug|Any CPU.ActiveCfg = Debug|Any CPU
		{794F2F43-A6BE-4C3F-A1F7-3AC38E9D71EC}.Debug|Any CPU.Build.0 = Debug|Any CPU
		{794F2F43-A6BE-4C3F-A1F7-3AC38E9D71EC}.Release|Any CPU.ActiveCfg = Release|Any CPU
		{794F2F43-A6BE-4C3F-A1F7-3AC38E9D71EC}.Release|Any CPU.Build.0 = Release|Any CPU
		{6A1FB3F9-96AB-4C88-BD02-7BF3C5DAFBE5}.Debug|Any CPU.ActiveCfg = Debug|Any CPU
		{6A1FB3F9-96AB-4C88-BD02-7BF3C5DAFBE5}.Debug|Any CPU.Build.0 = Debug|Any CPU
		{6A1FB3F9-96AB-4C88-BD02-7BF3C5DAFBE5}.Release|Any CPU.ActiveCfg = Release|Any CPU
		{6A1FB3F9-96AB-4C88-BD02-7BF3C5DAFBE5}.Release|Any CPU.Build.0 = Release|Any CPU
		{71B1E0B0-6988-47D7-ABA8-60645CEDE677}.Debug|Any CPU.ActiveCfg = Debug|Any CPU
		{71B1E0B0-6988-47D7-ABA8-60645CEDE677}.Debug|Any CPU.Build.0 = Debug|Any CPU
		{71B1E0B0-6988-47D7-ABA8-60645CEDE677}.Release|Any CPU.ActiveCfg = Release|Any CPU
		{71B1E0B0-6988-47D7-ABA8-60645CEDE677}.Release|Any CPU.Build.0 = Release|Any CPU
	EndGlobalSection
	GlobalSection(SolutionProperties) = preSolution
		HideSolutionNode = FALSE
	EndGlobalSection
	GlobalSection(ExtensibilityGlobals) = postSolution
		SolutionGuid = {09F5E10D-5673-4F37-B72E-CD281A55B4EA}
	EndGlobalSection
EndGlobal
